
Microsoft Visual Studio Solution File, Format Version 12.00
# Visual Studio Version 17
VisualStudioVersion = 17.6.33815.320
MinimumVisualStudioVersion = 10.0.40219.1
Project("{FAE04EC0-301F-11D3-BF4B-00C04F79EFBC}") = "MassTransitDeneme", "MassTransitDeneme\MassTransitDeneme.csproj", "{390FBBC9-55D2-47A2-8466-E5A2B8213557}"
EndProject
Project("{E53339B2-1760-4266-BCC7-CA923CBCF16C}") = "docker-compose", "docker-compose.dcproj", "{9C0B4686-1027-481C-AE98-4618D9B0F79B}"
EndProject
Global
	GlobalSection(SolutionConfigurationPlatforms) = preSolution
		Debug|Any CPU = Debug|Any CPU
		Release|Any CPU = Release|Any CPU
	EndGlobalSection
	GlobalSection(ProjectConfigurationPlatforms) = postSolution
		{390FBBC9-55D2-47A2-8466-E5A2B8213557}.Debug|Any CPU.ActiveCfg = Debug|Any CPU
		{390FBBC9-55D2-47A2-8466-E5A2B8213557}.Debug|Any CPU.Build.0 = Debug|Any CPU
		{390FBBC9-55D2-47A2-8466-E5A2B8213557}.Release|Any CPU.ActiveCfg = Release|Any CPU
		{390FBBC9-55D2-47A2-8466-E5A2B8213557}.Release|Any CPU.Build.0 = Release|Any CPU
		{9C0B4686-1027-481C-AE98-4618D9B0F79B}.Debug|Any CPU.ActiveCfg = Debug|Any CPU
		{9C0B4686-1027-481C-AE98-4618D9B0F79B}.Debug|Any CPU.Build.0 = Debug|Any CPU
		{9C0B4686-1027-481C-AE98-4618D9B0F79B}.Release|Any CPU.ActiveCfg = Release|Any CPU
		{9C0B4686-1027-481C-AE98-4618D9B0F79B}.Release|Any CPU.Build.0 = Release|Any CPU
	EndGlobalSection
	GlobalSection(SolutionProperties) = preSolution
		HideSolutionNode = FALSE
	EndGlobalSection
	GlobalSection(ExtensibilityGlobals) = postSolution
		SolutionGuid = {592818C6-DD5E-4B5A-A3AF-F518929075E1}
	EndGlobalSection
EndGlobal
